// !$*UTF8*$!
{
	archiveVersion = 1;
	classes = {
	};
	objectVersion = 50;
	objects = {

/* Begin PBXBuildFile section */
		DF401DC024AA3258000A8835 /* AppDelegate.swift in Sources */ = {isa = PBXBuildFile; fileRef = DF401DBF24AA3258000A8835 /* AppDelegate.swift */; };
		DF401DC224AA3258000A8835 /* SceneDelegate.swift in Sources */ = {isa = PBXBuildFile; fileRef = DF401DC124AA3258000A8835 /* SceneDelegate.swift */; };
		DF401DC924AA325B000A8835 /* Assets.xcassets in Resources */ = {isa = PBXBuildFile; fileRef = DF401DC824AA325B000A8835 /* Assets.xcassets */; };
		DF401DCC24AA325B000A8835 /* LaunchScreen.storyboard in Resources */ = {isa = PBXBuildFile; fileRef = DF401DCA24AA325B000A8835 /* LaunchScreen.storyboard */; };
		DF401DD724AA325B000A8835 /* NewsAppTests.swift in Sources */ = {isa = PBXBuildFile; fileRef = DF401DD624AA325B000A8835 /* NewsAppTests.swift */; };
		DF401DE324AA33FA000A8835 /* NewsListViewController.swift in Sources */ = {isa = PBXBuildFile; fileRef = DF401DE124AA33FA000A8835 /* NewsListViewController.swift */; };
		DF401DE424AA33FA000A8835 /* NewsListViewController.xib in Resources */ = {isa = PBXBuildFile; fileRef = DF401DE224AA33FA000A8835 /* NewsListViewController.xib */; };
		DF401DEB24AA3923000A8835 /* NewsCell.swift in Sources */ = {isa = PBXBuildFile; fileRef = DF401DE924AA3923000A8835 /* NewsCell.swift */; };
		DF401DEC24AA3923000A8835 /* NewsCell.xib in Resources */ = {isa = PBXBuildFile; fileRef = DF401DEA24AA3923000A8835 /* NewsCell.xib */; };
		DF401DF224AA3D25000A8835 /* News.swift in Sources */ = {isa = PBXBuildFile; fileRef = DF401DF124AA3D25000A8835 /* News.swift */; };
		DF401DF424AA3ECD000A8835 /* News.json in Resources */ = {isa = PBXBuildFile; fileRef = DF401DF324AA3ECD000A8835 /* News.json */; };
		DF401DF724AA4206000A8835 /* NewsListViewModel.swift in Sources */ = {isa = PBXBuildFile; fileRef = DF401DF624AA4206000A8835 /* NewsListViewModel.swift */; };
		DF401DFA24AA426D000A8835 /* Parser.swift in Sources */ = {isa = PBXBuildFile; fileRef = DF401DF924AA426D000A8835 /* Parser.swift */; };
		DF401DFC24AA4CA5000A8835 /* NewsViewModel.swift in Sources */ = {isa = PBXBuildFile; fileRef = DF401DFB24AA4CA5000A8835 /* NewsViewModel.swift */; };
		DF401DFE24AA70BB000A8835 /* NetworkLayer.swift in Sources */ = {isa = PBXBuildFile; fileRef = DF401DFD24AA70BB000A8835 /* NetworkLayer.swift */; };
		DF401E0524AA9866000A8835 /* NewsDetailViewController.swift in Sources */ = {isa = PBXBuildFile; fileRef = DF401E0324AA9866000A8835 /* NewsDetailViewController.swift */; };
		DF401E0624AA9866000A8835 /* NewsDetailViewController.xib in Resources */ = {isa = PBXBuildFile; fileRef = DF401E0424AA9866000A8835 /* NewsDetailViewController.xib */; };
		DFB9969524AAAD8000FFA258 /* String+Util.swift in Sources */ = {isa = PBXBuildFile; fileRef = DFB9969424AAAD8000FFA258 /* String+Util.swift */; };
		DFD0BAFE24AB5D0300D5F6CF /* UIViewController+Util.swift in Sources */ = {isa = PBXBuildFile; fileRef = DFD0BAFD24AB5D0300D5F6CF /* UIViewController+Util.swift */; };
		DFD0BB0224AB639B00D5F6CF /* NSObject+Util.swift in Sources */ = {isa = PBXBuildFile; fileRef = DFD0BB0124AB639B00D5F6CF /* NSObject+Util.swift */; };
		DFD0BB0424ABC23800D5F6CF /* Constants.swift in Sources */ = {isa = PBXBuildFile; fileRef = DFD0BB0324ABC23800D5F6CF /* Constants.swift */; };
		DFD0BB0624ABC6EE00D5F6CF /* NetworkManagerTests.swift in Sources */ = {isa = PBXBuildFile; fileRef = DFD0BB0524ABC6EE00D5F6CF /* NetworkManagerTests.swift */; };
		DFD0BB0824ABC9D100D5F6CF /* UrlEndPoint.swift in Sources */ = {isa = PBXBuildFile; fileRef = DFD0BB0724ABC9D100D5F6CF /* UrlEndPoint.swift */; };
		DFD0BB0A24ABDC0C00D5F6CF /* NewsModelTests.swift in Sources */ = {isa = PBXBuildFile; fileRef = DFD0BB0924ABDC0C00D5F6CF /* NewsModelTests.swift */; };
		DFD0BB0C24ABDED200D5F6CF /* HelperTests.swift in Sources */ = {isa = PBXBuildFile; fileRef = DFD0BB0B24ABDED200D5F6CF /* HelperTests.swift */; };
		DFF5DB6124AAB65300D5C1D6 /* ImageCache.swift in Sources */ = {isa = PBXBuildFile; fileRef = DFF5DB6024AAB65300D5C1D6 /* ImageCache.swift */; };
/* End PBXBuildFile section */

/* Begin PBXContainerItemProxy section */
		DF401DD324AA325B000A8835 /* PBXContainerItemProxy */ = {
			isa = PBXContainerItemProxy;
			containerPortal = DF401DB424AA3258000A8835 /* Project object */;
			proxyType = 1;
			remoteGlobalIDString = DF401DBB24AA3258000A8835;
			remoteInfo = NewsApp;
		};
/* End PBXContainerItemProxy section */

/* Begin PBXFileReference section */
		DF401DBC24AA3258000A8835 /* NewsApp.app */ = {isa = PBXFileReference; explicitFileType = wrapper.application; includeInIndex = 0; path = NewsApp.app; sourceTree = BUILT_PRODUCTS_DIR; };
		DF401DBF24AA3258000A8835 /* AppDelegate.swift */ = {isa = PBXFileReference; lastKnownFileType = sourcecode.swift; path = AppDelegate.swift; sourceTree = "<group>"; };
		DF401DC124AA3258000A8835 /* SceneDelegate.swift */ = {isa = PBXFileReference; lastKnownFileType = sourcecode.swift; path = SceneDelegate.swift; sourceTree = "<group>"; };
		DF401DC824AA325B000A8835 /* Assets.xcassets */ = {isa = PBXFileReference; lastKnownFileType = folder.assetcatalog; path = Assets.xcassets; sourceTree = "<group>"; };
		DF401DCB24AA325B000A8835 /* Base */ = {isa = PBXFileReference; lastKnownFileType = file.storyboard; name = Base; path = Base.lproj/LaunchScreen.storyboard; sourceTree = "<group>"; };
		DF401DCD24AA325B000A8835 /* Info.plist */ = {isa = PBXFileReference; lastKnownFileType = text.plist.xml; path = Info.plist; sourceTree = "<group>"; };
		DF401DD224AA325B000A8835 /* NewsAppTests.xctest */ = {isa = PBXFileReference; explicitFileType = wrapper.cfbundle; includeInIndex = 0; path = NewsAppTests.xctest; sourceTree = BUILT_PRODUCTS_DIR; };
		DF401DD624AA325B000A8835 /* NewsAppTests.swift */ = {isa = PBXFileReference; lastKnownFileType = sourcecode.swift; path = NewsAppTests.swift; sourceTree = "<group>"; };
		DF401DD824AA325B000A8835 /* Info.plist */ = {isa = PBXFileReference; lastKnownFileType = text.plist.xml; path = Info.plist; sourceTree = "<group>"; };
		DF401DE124AA33FA000A8835 /* NewsListViewController.swift */ = {isa = PBXFileReference; lastKnownFileType = sourcecode.swift; path = NewsListViewController.swift; sourceTree = "<group>"; };
		DF401DE224AA33FA000A8835 /* NewsListViewController.xib */ = {isa = PBXFileReference; lastKnownFileType = file.xib; path = NewsListViewController.xib; sourceTree = "<group>"; };
		DF401DE924AA3923000A8835 /* NewsCell.swift */ = {isa = PBXFileReference; lastKnownFileType = sourcecode.swift; path = NewsCell.swift; sourceTree = "<group>"; };
		DF401DEA24AA3923000A8835 /* NewsCell.xib */ = {isa = PBXFileReference; lastKnownFileType = file.xib; path = NewsCell.xib; sourceTree = "<group>"; };
		DF401DF124AA3D25000A8835 /* News.swift */ = {isa = PBXFileReference; lastKnownFileType = sourcecode.swift; path = News.swift; sourceTree = "<group>"; };
		DF401DF324AA3ECD000A8835 /* News.json */ = {isa = PBXFileReference; lastKnownFileType = text.json; path = News.json; sourceTree = "<group>"; };
		DF401DF624AA4206000A8835 /* NewsListViewModel.swift */ = {isa = PBXFileReference; lastKnownFileType = sourcecode.swift; path = NewsListViewModel.swift; sourceTree = "<group>"; };
		DF401DF924AA426D000A8835 /* Parser.swift */ = {isa = PBXFileReference; lastKnownFileType = sourcecode.swift; path = Parser.swift; sourceTree = "<group>"; };
		DF401DFB24AA4CA5000A8835 /* NewsViewModel.swift */ = {isa = PBXFileReference; lastKnownFileType = sourcecode.swift; path = NewsViewModel.swift; sourceTree = "<group>"; };
		DF401DFD24AA70BB000A8835 /* NetworkLayer.swift */ = {isa = PBXFileReference; lastKnownFileType = sourcecode.swift; path = NetworkLayer.swift; sourceTree = "<group>"; };
		DF401E0324AA9866000A8835 /* NewsDetailViewController.swift */ = {isa = PBXFileReference; lastKnownFileType = sourcecode.swift; path = NewsDetailViewController.swift; sourceTree = "<group>"; };
		DF401E0424AA9866000A8835 /* NewsDetailViewController.xib */ = {isa = PBXFileReference; lastKnownFileType = file.xib; path = NewsDetailViewController.xib; sourceTree = "<group>"; };
		DFB9969424AAAD8000FFA258 /* String+Util.swift */ = {isa = PBXFileReference; lastKnownFileType = sourcecode.swift; path = "String+Util.swift"; sourceTree = "<group>"; };
		DFD0BAFD24AB5D0300D5F6CF /* UIViewController+Util.swift */ = {isa = PBXFileReference; lastKnownFileType = sourcecode.swift; path = "UIViewController+Util.swift"; sourceTree = "<group>"; };
		DFD0BB0124AB639B00D5F6CF /* NSObject+Util.swift */ = {isa = PBXFileReference; lastKnownFileType = sourcecode.swift; path = "NSObject+Util.swift"; sourceTree = "<group>"; };
		DFD0BB0324ABC23800D5F6CF /* Constants.swift */ = {isa = PBXFileReference; lastKnownFileType = sourcecode.swift; path = Constants.swift; sourceTree = "<group>"; };
		DFD0BB0524ABC6EE00D5F6CF /* NetworkManagerTests.swift */ = {isa = PBXFileReference; lastKnownFileType = sourcecode.swift; path = NetworkManagerTests.swift; sourceTree = "<group>"; };
		DFD0BB0724ABC9D100D5F6CF /* UrlEndPoint.swift */ = {isa = PBXFileReference; lastKnownFileType = sourcecode.swift; path = UrlEndPoint.swift; sourceTree = "<group>"; };
		DFD0BB0924ABDC0C00D5F6CF /* NewsModelTests.swift */ = {isa = PBXFileReference; lastKnownFileType = sourcecode.swift; path = NewsModelTests.swift; sourceTree = "<group>"; };
		DFD0BB0B24ABDED200D5F6CF /* HelperTests.swift */ = {isa = PBXFileReference; lastKnownFileType = sourcecode.swift; path = HelperTests.swift; sourceTree = "<group>"; };
		DFF5DB6024AAB65300D5C1D6 /* ImageCache.swift */ = {isa = PBXFileReference; lastKnownFileType = sourcecode.swift; path = ImageCache.swift; sourceTree = "<group>"; };
/* End PBXFileReference section */

/* Begin PBXFrameworksBuildPhase section */
		DF401DB924AA3258000A8835 /* Frameworks */ = {
			isa = PBXFrameworksBuildPhase;
			buildActionMask = 2147483647;
			files = (
			);
			runOnlyForDeploymentPostprocessing = 0;
		};
		DF401DCF24AA325B000A8835 /* Frameworks */ = {
			isa = PBXFrameworksBuildPhase;
			buildActionMask = 2147483647;
			files = (
			);
			runOnlyForDeploymentPostprocessing = 0;
		};
/* End PBXFrameworksBuildPhase section */

/* Begin PBXGroup section */
		DF401DB324AA3258000A8835 = {
			isa = PBXGroup;
			children = (
				DF401DBE24AA3258000A8835 /* NewsApp */,
				DF401DD524AA325B000A8835 /* NewsAppTests */,
				DF401DBD24AA3258000A8835 /* Products */,
			);
			sourceTree = "<group>";
		};
		DF401DBD24AA3258000A8835 /* Products */ = {
			isa = PBXGroup;
			children = (
				DF401DBC24AA3258000A8835 /* NewsApp.app */,
				DF401DD224AA325B000A8835 /* NewsAppTests.xctest */,
			);
			name = Products;
			sourceTree = "<group>";
		};
		DF401DBE24AA3258000A8835 /* NewsApp */ = {
			isa = PBXGroup;
			children = (
				DFB9969624AAAEC700FFA258 /* Extensions */,
				DF401DF824AA425C000A8835 /* Helpers */,
				DF401DF524AA41F2000A8835 /* View Models */,
				DF401DF024AA3D16000A8835 /* Models */,
				DF401DEE24AA3C63000A8835 /* Views */,
				DF401DED24AA3C58000A8835 /* View Controllers */,
				DF401DBF24AA3258000A8835 /* AppDelegate.swift */,
				DF401DC124AA3258000A8835 /* SceneDelegate.swift */,
				DF401DC824AA325B000A8835 /* Assets.xcassets */,
				DF401DCA24AA325B000A8835 /* LaunchScreen.storyboard */,
				DF401DCD24AA325B000A8835 /* Info.plist */,
				DF401DF324AA3ECD000A8835 /* News.json */,
				DFD0BB0324ABC23800D5F6CF /* Constants.swift */,
			);
			path = NewsApp;
			sourceTree = "<group>";
		};
		DF401DD524AA325B000A8835 /* NewsAppTests */ = {
			isa = PBXGroup;
			children = (
				DF401DD624AA325B000A8835 /* NewsAppTests.swift */,
				DF401DD824AA325B000A8835 /* Info.plist */,
				DFD0BB0524ABC6EE00D5F6CF /* NetworkManagerTests.swift */,
				DFD0BB0924ABDC0C00D5F6CF /* NewsModelTests.swift */,
				DFD0BB0B24ABDED200D5F6CF /* HelperTests.swift */,
			);
			path = NewsAppTests;
			sourceTree = "<group>";
		};
		DF401DED24AA3C58000A8835 /* View Controllers */ = {
			isa = PBXGroup;
			children = (
				DF401E0324AA9866000A8835 /* NewsDetailViewController.swift */,
				DF401DE124AA33FA000A8835 /* NewsListViewController.swift */,
				DF401DE924AA3923000A8835 /* NewsCell.swift */,
			);
			path = "View Controllers";
			sourceTree = "<group>";
		};
		DF401DEE24AA3C63000A8835 /* Views */ = {
			isa = PBXGroup;
			children = (
				DF401DEF24AA3C69000A8835 /* xibs */,
			);
			path = Views;
			sourceTree = "<group>";
		};
		DF401DEF24AA3C69000A8835 /* xibs */ = {
			isa = PBXGroup;
			children = (
				DF401DE224AA33FA000A8835 /* NewsListViewController.xib */,
				DF401DEA24AA3923000A8835 /* NewsCell.xib */,
				DF401E0424AA9866000A8835 /* NewsDetailViewController.xib */,
			);
			path = xibs;
			sourceTree = "<group>";
		};
		DF401DF024AA3D16000A8835 /* Models */ = {
			isa = PBXGroup;
			children = (
				DF401DF124AA3D25000A8835 /* News.swift */,
			);
			path = Models;
			sourceTree = "<group>";
		};
		DF401DF524AA41F2000A8835 /* View Models */ = {
			isa = PBXGroup;
			children = (
				DF401DF624AA4206000A8835 /* NewsListViewModel.swift */,
				DF401DFB24AA4CA5000A8835 /* NewsViewModel.swift */,
			);
			path = "View Models";
			sourceTree = "<group>";
		};
		DF401DF824AA425C000A8835 /* Helpers */ = {
			isa = PBXGroup;
			children = (
				DF401DF924AA426D000A8835 /* Parser.swift */,
				DF401DFD24AA70BB000A8835 /* NetworkLayer.swift */,
				DFF5DB6024AAB65300D5C1D6 /* ImageCache.swift */,
				DFD0BB0724ABC9D100D5F6CF /* UrlEndPoint.swift */,
			);
			path = Helpers;
			sourceTree = "<group>";
		};
		DFB9969624AAAEC700FFA258 /* Extensions */ = {
			isa = PBXGroup;
			children = (
				DFB9969424AAAD8000FFA258 /* String+Util.swift */,
				DFD0BAFD24AB5D0300D5F6CF /* UIViewController+Util.swift */,
				DFD0BB0124AB639B00D5F6CF /* NSObject+Util.swift */,
			);
			path = Extensions;
			sourceTree = "<group>";
		};
/* End PBXGroup section */

/* Begin PBXNativeTarget section */
		DF401DBB24AA3258000A8835 /* NewsApp */ = {
			isa = PBXNativeTarget;
			buildConfigurationList = DF401DDB24AA325B000A8835 /* Build configuration list for PBXNativeTarget "NewsApp" */;
			buildPhases = (
				DF401DB824AA3258000A8835 /* Sources */,
				DF401DB924AA3258000A8835 /* Frameworks */,
				DF401DBA24AA3258000A8835 /* Resources */,
			);
			buildRules = (
			);
			dependencies = (
			);
			name = NewsApp;
			productName = NewsApp;
			productReference = DF401DBC24AA3258000A8835 /* NewsApp.app */;
			productType = "com.apple.product-type.application";
		};
		DF401DD124AA325B000A8835 /* NewsAppTests */ = {
			isa = PBXNativeTarget;
			buildConfigurationList = DF401DDE24AA325B000A8835 /* Build configuration list for PBXNativeTarget "NewsAppTests" */;
			buildPhases = (
				DF401DCE24AA325B000A8835 /* Sources */,
				DF401DCF24AA325B000A8835 /* Frameworks */,
				DF401DD024AA325B000A8835 /* Resources */,
			);
			buildRules = (
			);
			dependencies = (
				DF401DD424AA325B000A8835 /* PBXTargetDependency */,
			);
			name = NewsAppTests;
			productName = NewsAppTests;
			productReference = DF401DD224AA325B000A8835 /* NewsAppTests.xctest */;
			productType = "com.apple.product-type.bundle.unit-test";
		};
/* End PBXNativeTarget section */

/* Begin PBXProject section */
		DF401DB424AA3258000A8835 /* Project object */ = {
			isa = PBXProject;
			attributes = {
				LastSwiftUpdateCheck = 1130;
				LastUpgradeCheck = 1130;
				ORGANIZATIONNAME = "Manali Mogre";
				TargetAttributes = {
					DF401DBB24AA3258000A8835 = {
						CreatedOnToolsVersion = 11.3.1;
					};
					DF401DD124AA325B000A8835 = {
						CreatedOnToolsVersion = 11.3.1;
						TestTargetID = DF401DBB24AA3258000A8835;
					};
				};
			};
			buildConfigurationList = DF401DB724AA3258000A8835 /* Build configuration list for PBXProject "NewsApp" */;
			compatibilityVersion = "Xcode 9.3";
			developmentRegion = en;
			hasScannedForEncodings = 0;
			knownRegions = (
				en,
				Base,
			);
			mainGroup = DF401DB324AA3258000A8835;
			productRefGroup = DF401DBD24AA3258000A8835 /* Products */;
			projectDirPath = "";
			projectRoot = "";
			targets = (
				DF401DBB24AA3258000A8835 /* NewsApp */,
				DF401DD124AA325B000A8835 /* NewsAppTests */,
			);
		};
/* End PBXProject section */

/* Begin PBXResourcesBuildPhase section */
		DF401DBA24AA3258000A8835 /* Resources */ = {
			isa = PBXResourcesBuildPhase;
			buildActionMask = 2147483647;
			files = (
				DF401E0624AA9866000A8835 /* NewsDetailViewController.xib in Resources */,
				DF401DCC24AA325B000A8835 /* LaunchScreen.storyboard in Resources */,
				DF401DC924AA325B000A8835 /* Assets.xcassets in Resources */,
				DF401DEC24AA3923000A8835 /* NewsCell.xib in Resources */,
				DF401DF424AA3ECD000A8835 /* News.json in Resources */,
				DF401DE424AA33FA000A8835 /* NewsListViewController.xib in Resources */,
			);
			runOnlyForDeploymentPostprocessing = 0;
		};
		DF401DD024AA325B000A8835 /* Resources */ = {
			isa = PBXResourcesBuildPhase;
			buildActionMask = 2147483647;
			files = (
			);
			runOnlyForDeploymentPostprocessing = 0;
		};
/* End PBXResourcesBuildPhase section */

/* Begin PBXSourcesBuildPhase section */
		DF401DB824AA3258000A8835 /* Sources */ = {
			isa = PBXSourcesBuildPhase;
			buildActionMask = 2147483647;
			files = (
				DFD0BB0824ABC9D100D5F6CF /* UrlEndPoint.swift in Sources */,
				DFD0BAFE24AB5D0300D5F6CF /* UIViewController+Util.swift in Sources */,
				DF401E0524AA9866000A8835 /* NewsDetailViewController.swift in Sources */,
				DFF5DB6124AAB65300D5C1D6 /* ImageCache.swift in Sources */,
				DF401DFE24AA70BB000A8835 /* NetworkLayer.swift in Sources */,
				DF401DC024AA3258000A8835 /* AppDelegate.swift in Sources */,
				DF401DC224AA3258000A8835 /* SceneDelegate.swift in Sources */,
				DF401DEB24AA3923000A8835 /* NewsCell.swift in Sources */,
				DFD0BB0424ABC23800D5F6CF /* Constants.swift in Sources */,
				DF401DF224AA3D25000A8835 /* News.swift in Sources */,
				DF401DE324AA33FA000A8835 /* NewsListViewController.swift in Sources */,
				DFB9969524AAAD8000FFA258 /* String+Util.swift in Sources */,
				DF401DF724AA4206000A8835 /* NewsListViewModel.swift in Sources */,
				DF401DFA24AA426D000A8835 /* Parser.swift in Sources */,
				DF401DFC24AA4CA5000A8835 /* NewsViewModel.swift in Sources */,
				DFD0BB0224AB639B00D5F6CF /* NSObject+Util.swift in Sources */,
			);
			runOnlyForDeploymentPostprocessing = 0;
		};
		DF401DCE24AA325B000A8835 /* Sources */ = {
			isa = PBXSourcesBuildPhase;
			buildActionMask = 2147483647;
			files = (
				DFD0BB0624ABC6EE00D5F6CF /* NetworkManagerTests.swift in Sources */,
				DFD0BB0A24ABDC0C00D5F6CF /* NewsModelTests.swift in Sources */,
				DF401DD724AA325B000A8835 /* NewsAppTests.swift in Sources */,
				DFD0BB0C24ABDED200D5F6CF /* HelperTests.swift in Sources */,
			);
			runOnlyForDeploymentPostprocessing = 0;
		};
/* End PBXSourcesBuildPhase section */

/* Begin PBXTargetDependency section */
		DF401DD424AA325B000A8835 /* PBXTargetDependency */ = {
			isa = PBXTargetDependency;
			target = DF401DBB24AA3258000A8835 /* NewsApp */;
			targetProxy = DF401DD324AA325B000A8835 /* PBXContainerItemProxy */;
		};
/* End PBXTargetDependency section */

/* Begin PBXVariantGroup section */
		DF401DCA24AA325B000A8835 /* LaunchScreen.storyboard */ = {
			isa = PBXVariantGroup;
			children = (
				DF401DCB24AA325B000A8835 /* Base */,
			);
			name = LaunchScreen.storyboard;
			sourceTree = "<group>";
		};
/* End PBXVariantGroup section */

/* Begin XCBuildConfiguration section */
		DF401DD924AA325B000A8835 /* Debug */ = {
			isa = XCBuildConfiguration;
			buildSettings = {
				ALWAYS_SEARCH_USER_PATHS = NO;
				CLANG_ANALYZER_NONNULL = YES;
				CLANG_ANALYZER_NUMBER_OBJECT_CONVERSION = YES_AGGRESSIVE;
				CLANG_CXX_LANGUAGE_STANDARD = "gnu++14";
				CLANG_CXX_LIBRARY = "libc++";
				CLANG_ENABLE_MODULES = YES;
				CLANG_ENABLE_OBJC_ARC = YES;
				CLANG_ENABLE_OBJC_WEAK = YES;
				CLANG_WARN_BLOCK_CAPTURE_AUTORELEASING = YES;
				CLANG_WARN_BOOL_CONVERSION = YES;
				CLANG_WARN_COMMA = YES;
				CLANG_WARN_CONSTANT_CONVERSION = YES;
				CLANG_WARN_DEPRECATED_OBJC_IMPLEMENTATIONS = YES;
				CLANG_WARN_DIRECT_OBJC_ISA_USAGE = YES_ERROR;
				CLANG_WARN_DOCUMENTATION_COMMENTS = YES;
				CLANG_WARN_EMPTY_BODY = YES;
				CLANG_WARN_ENUM_CONVERSION = YES;
				CLANG_WARN_INFINITE_RECURSION = YES;
				CLANG_WARN_INT_CONVERSION = YES;
				CLANG_WARN_NON_LITERAL_NULL_CONVERSION = YES;
				CLANG_WARN_OBJC_IMPLICIT_RETAIN_SELF = YES;
				CLANG_WARN_OBJC_LITERAL_CONVERSION = YES;
				CLANG_WARN_OBJC_ROOT_CLASS = YES_ERROR;
				CLANG_WARN_RANGE_LOOP_ANALYSIS = YES;
				CLANG_WARN_STRICT_PROTOTYPES = YES;
				CLANG_WARN_SUSPICIOUS_MOVE = YES;
				CLANG_WARN_UNGUARDED_AVAILABILITY = YES_AGGRESSIVE;
				CLANG_WARN_UNREACHABLE_CODE = YES;
				CLANG_WARN__DUPLICATE_METHOD_MATCH = YES;
				COPY_PHASE_STRIP = NO;
				DEBUG_INFORMATION_FORMAT = dwarf;
				ENABLE_STRICT_OBJC_MSGSEND = YES;
				ENABLE_TESTABILITY = YES;
				GCC_C_LANGUAGE_STANDARD = gnu11;
				GCC_DYNAMIC_NO_PIC = NO;
				GCC_NO_COMMON_BLOCKS = YES;
				GCC_OPTIMIZATION_LEVEL = 0;
				GCC_PREPROCESSOR_DEFINITIONS = (
					"DEBUG=1",
					"$(inherited)",
				);
				GCC_WARN_64_TO_32_BIT_CONVERSION = YES;
				GCC_WARN_ABOUT_RETURN_TYPE = YES_ERROR;
				GCC_WARN_UNDECLARED_SELECTOR = YES;
				GCC_WARN_UNINITIALIZED_AUTOS = YES_AGGRESSIVE;
				GCC_WARN_UNUSED_FUNCTION = YES;
				GCC_WARN_UNUSED_VARIABLE = YES;
				IPHONEOS_DEPLOYMENT_TARGET = 10.0;
				MTL_ENABLE_DEBUG_INFO = INCLUDE_SOURCE;
				MTL_FAST_MATH = YES;
				ONLY_ACTIVE_ARCH = YES;
				SDKROOT = iphoneos;
				SWIFT_ACTIVE_COMPILATION_CONDITIONS = DEBUG;
				SWIFT_OPTIMIZATION_LEVEL = "-Onone";
			};
			name = Debug;
		};
		DF401DDA24AA325B000A8835 /* Release */ = {
			isa = XCBuildConfiguration;
			buildSettings = {
				ALWAYS_SEARCH_USER_PATHS = NO;
				CLANG_ANALYZER_NONNULL = YES;
				CLANG_ANALYZER_NUMBER_OBJECT_CONVERSION = YES_AGGRESSIVE;
				CLANG_CXX_LANGUAGE_STANDARD = "gnu++14";
				CLANG_CXX_LIBRARY = "libc++";
				CLANG_ENABLE_MODULES = YES;
				CLANG_ENABLE_OBJC_ARC = YES;
				CLANG_ENABLE_OBJC_WEAK = YES;
				CLANG_WARN_BLOCK_CAPTURE_AUTORELEASING = YES;
				CLANG_WARN_BOOL_CONVERSION = YES;
				CLANG_WARN_COMMA = YES;
				CLANG_WARN_CONSTANT_CONVERSION = YES;
				CLANG_WARN_DEPRECATED_OBJC_IMPLEMENTATIONS = YES;
				CLANG_WARN_DIRECT_OBJC_ISA_USAGE = YES_ERROR;
				CLANG_WARN_DOCUMENTATION_COMMENTS = YES;
				CLANG_WARN_EMPTY_BODY = YES;
				CLANG_WARN_ENUM_CONVERSION = YES;
				CLANG_WARN_INFINITE_RECURSION = YES;
				CLANG_WARN_INT_CONVERSION = YES;
				CLANG_WARN_NON_LITERAL_NULL_CONVERSION = YES;
				CLANG_WARN_OBJC_IMPLICIT_RETAIN_SELF = YES;
				CLANG_WARN_OBJC_LITERAL_CONVERSION = YES;
				CLANG_WARN_OBJC_ROOT_CLASS = YES_ERROR;
				CLANG_WARN_RANGE_LOOP_ANALYSIS = YES;
				CLANG_WARN_STRICT_PROTOTYPES = YES;
				CLANG_WARN_SUSPICIOUS_MOVE = YES;
				CLANG_WARN_UNGUARDED_AVAILABILITY = YES_AGGRESSIVE;
				CLANG_WARN_UNREACHABLE_CODE = YES;
				CLANG_WARN__DUPLICATE_METHOD_MATCH = YES;
				COPY_PHASE_STRIP = NO;
				DEBUG_INFORMATION_FORMAT = "dwarf-with-dsym";
				ENABLE_NS_ASSERTIONS = NO;
				ENABLE_STRICT_OBJC_MSGSEND = YES;
				GCC_C_LANGUAGE_STANDARD = gnu11;
				GCC_NO_COMMON_BLOCKS = YES;
				GCC_WARN_64_TO_32_BIT_CONVERSION = YES;
				GCC_WARN_ABOUT_RETURN_TYPE = YES_ERROR;
				GCC_WARN_UNDECLARED_SELECTOR = YES;
				GCC_WARN_UNINITIALIZED_AUTOS = YES_AGGRESSIVE;
				GCC_WARN_UNUSED_FUNCTION = YES;
				GCC_WARN_UNUSED_VARIABLE = YES;
				IPHONEOS_DEPLOYMENT_TARGET = 10.0;
				MTL_ENABLE_DEBUG_INFO = NO;
				MTL_FAST_MATH = YES;
				SDKROOT = iphoneos;
				SWIFT_COMPILATION_MODE = wholemodule;
				SWIFT_OPTIMIZATION_LEVEL = "-O";
				VALIDATE_PRODUCT = YES;
			};
			name = Release;
		};
		DF401DDC24AA325B000A8835 /* Debug */ = {
			isa = XCBuildConfiguration;
			buildSettings = {
				ASSETCATALOG_COMPILER_APPICON_NAME = AppIcon;
				CODE_SIGN_STYLE = Automatic;
				INFOPLIST_FILE = NewsApp/Info.plist;
				LD_RUNPATH_SEARCH_PATHS = (
					"$(inherited)",
					"@executable_path/Frameworks",
				);
				PRODUCT_BUNDLE_IDENTIFIER = com.manali.NewsApp;
				PRODUCT_NAME = "$(TARGET_NAME)";
				SWIFT_VERSION = 5.0;
				TARGETED_DEVICE_FAMILY = "1,2";
			};
			name = Debug;
		};
		DF401DDD24AA325B000A8835 /* Release */ = {
			isa = XCBuildConfiguration;
			buildSettings = {
				ASSETCATALOG_COMPILER_APPICON_NAME = AppIcon;
				CODE_SIGN_STYLE = Automatic;
				INFOPLIST_FILE = NewsApp/Info.plist;
				LD_RUNPATH_SEARCH_PATHS = (
					"$(inherited)",
					"@executable_path/Frameworks",
				);
				PRODUCT_BUNDLE_IDENTIFIER = com.manali.NewsApp;
				PRODUCT_NAME = "$(TARGET_NAME)";
				SWIFT_VERSION = 5.0;
				TARGETED_DEVICE_FAMILY = "1,2";
			};
			name = Release;
		};
		DF401DDF24AA325B000A8835 /* Debug */ = {
			isa = XCBuildConfiguration;
			buildSettings = {
				ALWAYS_EMBED_SWIFT_STANDARD_LIBRARIES = YES;
				BUNDLE_LOADER = "$(TEST_HOST)";
				CODE_SIGN_STYLE = Automatic;
				INFOPLIST_FILE = NewsAppTests/Info.plist;
				IPHONEOS_DEPLOYMENT_TARGET = 13.2;
				LD_RUNPATH_SEARCH_PATHS = (
					"$(inherited)",
					"@executable_path/Frameworks",
					"@loader_path/Frameworks",
				);
				PRODUCT_BUNDLE_IDENTIFIER = com.manali.NewsAppTests;
				PRODUCT_NAME = "$(TARGET_NAME)";
				SWIFT_VERSION = 5.0;
				TARGETED_DEVICE_FAMILY = "1,2";
				TEST_HOST = "$(BUILT_PRODUCTS_DIR)/NewsApp.app/NewsApp";
			};
			name = Debug;
		};
		DF401DE024AA325B000A8835 /* Release */ = {
			isa = XCBuildConfiguration;
			buildSettings = {
				ALWAYS_EMBED_SWIFT_STANDARD_LIBRARIES = YES;
				BUNDLE_LOADER = "$(TEST_HOST)";
				CODE_SIGN_STYLE = Automatic;
				INFOPLIST_FILE = NewsAppTests/Info.plist;
				IPHONEOS_DEPLOYMENT_TARGET = 13.2;
				LD_RUNPATH_SEARCH_PATHS = (
					"$(inherited)",
					"@executable_path/Frameworks",
					"@loader_path/Frameworks",
				);
				PRODUCT_BUNDLE_IDENTIFIER = com.manali.NewsAppTests;
				PRODUCT_NAME = "$(TARGET_NAME)";
				SWIFT_VERSION = 5.0;
				TARGETED_DEVICE_FAMILY = "1,2";
				TEST_HOST = "$(BUILT_PRODUCTS_DIR)/NewsApp.app/NewsApp";
			};
			name = Release;
		};
/* End XCBuildConfiguration section */

/* Begin XCConfigurationList section */
		DF401DB724AA3258000A8835 /* Build configuration list for PBXProject "NewsApp" */ = {
			isa = XCConfigurationList;
			buildConfigurations = (
				DF401DD924AA325B000A8835 /* Debug */,
				DF401DDA24AA325B000A8835 /* Release */,
			);
			defaultConfigurationIsVisible = 0;
			defaultConfigurationName = Release;
		};
		DF401DDB24AA325B000A8835 /* Build configuration list for PBXNativeTarget "NewsApp" */ = {
			isa = XCConfigurationList;
			buildConfigurations = (
				DF401DDC24AA325B000A8835 /* Debug */,
				DF401DDD24AA325B000A8835 /* Release */,
			);
			defaultConfigurationIsVisible = 0;
			defaultConfigurationName = Release;
		};
		DF401DDE24AA325B000A8835 /* Build configuration list for PBXNativeTarget "NewsAppTests" */ = {
			isa = XCConfigurationList;
			buildConfigurations = (
				DF401DDF24AA325B000A8835 /* Debug */,
				DF401DE024AA325B000A8835 /* Release */,
			);
			defaultConfigurationIsVisible = 0;
			defaultConfigurationName = Release;
		};
/* End XCConfigurationList section */
	};
	rootObject = DF401DB424AA3258000A8835 /* Project object */;
}
